
Microsoft Visual Studio Solution File, Format Version 12.00
# Visual Studio Version 17
VisualStudioVersion = 17.9.34607.119
MinimumVisualStudioVersion = 10.0.40219.1
Project("{FAE04EC0-301F-11D3-BF4B-00C04F79EFBC}") = "WebAcademia", "WebAcademia.csproj", "{2B489B9D-A5A3-42C5-AF45-98A88C4AF7A8}"
EndProject
Global
	GlobalSection(SolutionConfigurationPlatforms) = preSolution
		Debug|Any CPU = Debug|Any CPU
		Release|Any CPU = Release|Any CPU
	EndGlobalSection
	GlobalSection(ProjectConfigurationPlatforms) = postSolution
		{2B489B9D-A5A3-42C5-AF45-98A88C4AF7A8}.Debug|Any CPU.ActiveCfg = Debug|Any CPU
		{2B489B9D-A5A3-42C5-AF45-98A88C4AF7A8}.Debug|Any CPU.Build.0 = Debug|Any CPU
		{2B489B9D-A5A3-42C5-AF45-98A88C4AF7A8}.Release|Any CPU.ActiveCfg = Release|Any CPU
		{2B489B9D-A5A3-42C5-AF45-98A88C4AF7A8}.Release|Any CPU.Build.0 = Release|Any CPU
	EndGlobalSection
	GlobalSection(SolutionProperties) = preSolution
		HideSolutionNode = FALSE
	EndGlobalSection
	GlobalSection(ExtensibilityGlobals) = postSolution
		SolutionGuid = {3F89CB82-0896-422A-8436-F5FB5A63ECCD}
	EndGlobalSection
EndGlobal
